# This file is automatically @generated by Cargo.
# It is not intended for manual editing.
version = 3

[[package]]
name = "ax-cli"
version = "0.1.0"

[[package]]
name = "ax-context"
version = "0.1.0"

[[package]]
name = "ax-core-ir"
version = "0.1.0"

[[package]]
name = "ax-diagnostics"
version = "0.1.0"

[[package]]
name = "ax-plugin-host"
version = "0.1.0"

[[package]]
name = "ax-rewrite"
version = "0.1.0"

[[package]]
name = "ax-trace"
version = "0.1.0"
